
Microsoft Visual Studio Solution File, Format Version 12.00
# Visual Studio Version 17
VisualStudioVersion = 17.5.33530.505
MinimumVisualStudioVersion = 10.0.40219.1
Project("{FAE04EC0-301F-11D3-BF4B-00C04F79EFBC}") = "Api", "Api\Api.csproj", "{F285B5F3-EA67-403A-A974-880FCC3E19B3}"
EndProject
Global
	GlobalSection(SolutionConfigurationPlatforms) = preSolution
		Debug|Any CPU = Debug|Any CPU
		Release|Any CPU = Release|Any CPU
	EndGlobalSection
	GlobalSection(ProjectConfigurationPlatforms) = postSolution
		{F285B5F3-EA67-403A-A974-880FCC3E19B3}.Debug|Any CPU.ActiveCfg = Debug|Any CPU
		{F285B5F3-EA67-403A-A974-880FCC3E19B3}.Debug|Any CPU.Build.0 = Debug|Any CPU
		{F285B5F3-EA67-403A-A974-880FCC3E19B3}.Release|Any CPU.ActiveCfg = Release|Any CPU
		{F285B5F3-EA67-403A-A974-880FCC3E19B3}.Release|Any CPU.Build.0 = Release|Any CPU
	EndGlobalSection
	GlobalSection(SolutionProperties) = preSolution
		HideSolutionNode = FALSE
	EndGlobalSection
	GlobalSection(ExtensibilityGlobals) = postSolution
		SolutionGuid = {2A840FD2-5E1A-4B7A-9867-F68D33F0A9BC}
	EndGlobalSection
EndGlobal
